
Microsoft Visual Studio Solution File, Format Version 12.00
# Visual Studio 15
VisualStudioVersion = 15.0.28307.1300
MinimumVisualStudioVersion = 10.0.40219.1
Project("{FAE04EC0-301F-11D3-BF4B-00C04F79EFBC}") = "CalculatorApp", "CalculatorApp\CalculatorApp.csproj", "{B3E4962C-603A-44E4-861F-0CF754E54C1E}"
EndProject
Global
	GlobalSection(SolutionConfigurationPlatforms) = preSolution
		Debug|Any CPU = Debug|Any CPU
		Release|Any CPU = Release|Any CPU
	EndGlobalSection
	GlobalSection(ProjectConfigurationPlatforms) = postSolution
		{B3E4962C-603A-44E4-861F-0CF754E54C1E}.Debug|Any CPU.ActiveCfg = Debug|Any CPU
		{B3E4962C-603A-44E4-861F-0CF754E54C1E}.Debug|Any CPU.Build.0 = Debug|Any CPU
		{B3E4962C-603A-44E4-861F-0CF754E54C1E}.Release|Any CPU.ActiveCfg = Release|Any CPU
		{B3E4962C-603A-44E4-861F-0CF754E54C1E}.Release|Any CPU.Build.0 = Release|Any CPU
	EndGlobalSection
	GlobalSection(SolutionProperties) = preSolution
		HideSolutionNode = FALSE
	EndGlobalSection
	GlobalSection(ExtensibilityGlobals) = postSolution
		SolutionGuid = {8A0E7E14-F04D-4224-BE69-867EE2150283}
	EndGlobalSection
EndGlobal
